// !$*UTF8*$!
{
	archiveVersion = 1;
	classes = {
	};
	objectVersion = 50;
	objects = {

/* Begin PBXBuildFile section */
		D687CA0F257BD1C600822F4D /* AppDelegate.swift in Sources */ = {isa = PBXBuildFile; fileRef = D687CA0E257BD1C600822F4D /* AppDelegate.swift */; };
		D687CA11257BD1C600822F4D /* SceneDelegate.swift in Sources */ = {isa = PBXBuildFile; fileRef = D687CA10257BD1C600822F4D /* SceneDelegate.swift */; };
		D687CA13257BD1C600822F4D /* ViewController.swift in Sources */ = {isa = PBXBuildFile; fileRef = D687CA12257BD1C600822F4D /* ViewController.swift */; };
		D687CA16257BD1C600822F4D /* Main.storyboard in Resources */ = {isa = PBXBuildFile; fileRef = D687CA14257BD1C600822F4D /* Main.storyboard */; };
		D687CA18257BD1C600822F4D /* Assets.xcassets in Resources */ = {isa = PBXBuildFile; fileRef = D687CA17257BD1C600822F4D /* Assets.xcassets */; };
		D687CA1B257BD1C600822F4D /* LaunchScreen.storyboard in Resources */ = {isa = PBXBuildFile; fileRef = D687CA19257BD1C600822F4D /* LaunchScreen.storyboard */; };
		D687CA28257BD5A600822F4D /* Localizable.strings in Resources */ = {isa = PBXBuildFile; fileRef = D687CA2A257BD5A600822F4D /* Localizable.strings */; };
/* End PBXBuildFile section */

/* Begin PBXFileReference section */
		D687CA0B257BD1C600822F4D /* MultipleLanguages.app */ = {isa = PBXFileReference; explicitFileType = wrapper.application; includeInIndex = 0; path = MultipleLanguages.app; sourceTree = BUILT_PRODUCTS_DIR; };
		D687CA0E257BD1C600822F4D /* AppDelegate.swift */ = {isa = PBXFileReference; lastKnownFileType = sourcecode.swift; path = AppDelegate.swift; sourceTree = "<group>"; };
		D687CA10257BD1C600822F4D /* SceneDelegate.swift */ = {isa = PBXFileReference; lastKnownFileType = sourcecode.swift; path = SceneDelegate.swift; sourceTree = "<group>"; };
		D687CA12257BD1C600822F4D /* ViewController.swift */ = {isa = PBXFileReference; lastKnownFileType = sourcecode.swift; path = ViewController.swift; sourceTree = "<group>"; };
		D687CA15257BD1C600822F4D /* Base */ = {isa = PBXFileReference; lastKnownFileType = file.storyboard; name = Base; path = Base.lproj/Main.storyboard; sourceTree = "<group>"; };
		D687CA17257BD1C600822F4D /* Assets.xcassets */ = {isa = PBXFileReference; lastKnownFileType = folder.assetcatalog; path = Assets.xcassets; sourceTree = "<group>"; };
		D687CA1A257BD1C600822F4D /* Base */ = {isa = PBXFileReference; lastKnownFileType = file.storyboard; name = Base; path = Base.lproj/LaunchScreen.storyboard; sourceTree = "<group>"; };
		D687CA1C257BD1C600822F4D /* Info.plist */ = {isa = PBXFileReference; lastKnownFileType = text.plist.xml; path = Info.plist; sourceTree = "<group>"; };
		D687CA23257BD53800822F4D /* es */ = {isa = PBXFileReference; lastKnownFileType = text.plist.strings; name = es; path = es.lproj/Main.strings; sourceTree = "<group>"; };
		D687CA29257BD5A600822F4D /* en */ = {isa = PBXFileReference; lastKnownFileType = text.plist.strings; name = en; path = en.lproj/Localizable.strings; sourceTree = "<group>"; };
		D687CA2B257BD5B300822F4D /* es */ = {isa = PBXFileReference; lastKnownFileType = text.plist.strings; name = es; path = es.lproj/Localizable.strings; sourceTree = "<group>"; };
/* End PBXFileReference section */

/* Begin PBXFrameworksBuildPhase section */
		D687CA08257BD1C600822F4D /* Frameworks */ = {
			isa = PBXFrameworksBuildPhase;
			buildActionMask = 2147483647;
			files = (
			);
			runOnlyForDeploymentPostprocessing = 0;
		};
/* End PBXFrameworksBuildPhase section */

/* Begin PBXGroup section */
		D687CA02257BD1C600822F4D = {
			isa = PBXGroup;
			children = (
				D687CA0D257BD1C600822F4D /* MultipleLanguages */,
				D687CA0C257BD1C600822F4D /* Products */,
			);
			sourceTree = "<group>";
		};
		D687CA0C257BD1C600822F4D /* Products */ = {
			isa = PBXGroup;
			children = (
				D687CA0B257BD1C600822F4D /* MultipleLanguages.app */,
			);
			name = Products;
			sourceTree = "<group>";
		};
		D687CA0D257BD1C600822F4D /* MultipleLanguages */ = {
			isa = PBXGroup;
			children = (
				D687CA0E257BD1C600822F4D /* AppDelegate.swift */,
				D687CA10257BD1C600822F4D /* SceneDelegate.swift */,
				D687CA12257BD1C600822F4D /* ViewController.swift */,
				D687CA14257BD1C600822F4D /* Main.storyboard */,
				D687CA17257BD1C600822F4D /* Assets.xcassets */,
				D687CA19257BD1C600822F4D /* LaunchScreen.storyboard */,
				D687CA1C257BD1C600822F4D /* Info.plist */,
				D687CA2A257BD5A600822F4D /* Localizable.strings */,
			);
			path = MultipleLanguages;
			sourceTree = "<group>";
		};
/* End PBXGroup section */

/* Begin PBXNativeTarget section */
		D687CA0A257BD1C600822F4D /* MultipleLanguages */ = {
			isa = PBXNativeTarget;
			buildConfigurationList = D687CA1F257BD1C600822F4D /* Build configuration list for PBXNativeTarget "MultipleLanguages" */;
			buildPhases = (
				D687CA07257BD1C600822F4D /* Sources */,
				D687CA08257BD1C600822F4D /* Frameworks */,
				D687CA09257BD1C600822F4D /* Resources */,
			);
			buildRules = (
			);
			dependencies = (
			);
			name = MultipleLanguages;
			productName = MultipleLanguages;
			productReference = D687CA0B257BD1C600822F4D /* MultipleLanguages.app */;
			productType = "com.apple.product-type.application";
		};
/* End PBXNativeTarget section */

/* Begin PBXProject section */
		D687CA03257BD1C600822F4D /* Project object */ = {
			isa = PBXProject;
			attributes = {
				LastSwiftUpdateCheck = 1220;
				LastUpgradeCheck = 1220;
				TargetAttributes = {
					D687CA0A257BD1C600822F4D = {
						CreatedOnToolsVersion = 12.2;
					};
				};
			};
			buildConfigurationList = D687CA06257BD1C600822F4D /* Build configuration list for PBXProject "MultipleLanguages" */;
			compatibilityVersion = "Xcode 9.3";
			developmentRegion = en;
			hasScannedForEncodings = 0;
			knownRegions = (
				en,
				Base,
				es,
			);
			mainGroup = D687CA02257BD1C600822F4D;
			productRefGroup = D687CA0C257BD1C600822F4D /* Products */;
			projectDirPath = "";
			projectRoot = "";
			targets = (
				D687CA0A257BD1C600822F4D /* MultipleLanguages */,
			);
		};
/* End PBXProject section */

/* Begin PBXResourcesBuildPhase section */
		D687CA09257BD1C600822F4D /* Resources */ = {
			isa = PBXResourcesBuildPhase;
			buildActionMask = 2147483647;
			files = (
				D687CA1B257BD1C600822F4D /* LaunchScreen.storyboard in Resources */,
				D687CA28257BD5A600822F4D /* Localizable.strings in Resources */,
				D687CA18257BD1C600822F4D /* Assets.xcassets in Resources */,
				D687CA16257BD1C600822F4D /* Main.storyboard in Resources */,
			);
			runOnlyForDeploymentPostprocessing = 0;
		};
/* End PBXResourcesBuildPhase section */

/* Begin PBXSourcesBuildPhase section */
		D687CA07257BD1C600822F4D /* Sources */ = {
			isa = PBXSourcesBuildPhase;
			buildActionMask = 2147483647;
			files = (
				D687CA13257BD1C600822F4D /* ViewController.swift in Sources */,
				D687CA0F257BD1C600822F4D /* AppDelegate.swift in Sources */,
				D687CA11257BD1C600822F4D /* SceneDelegate.swift in Sources */,
			);
			runOnlyForDeploymentPostprocessing = 0;
		};
/* End PBXSourcesBuildPhase section */

/* Begin PBXVariantGroup section */
		D687CA14257BD1C600822F4D /* Main.storyboard */ = {
			isa = PBXVariantGroup;
			children = (
				D687CA15257BD1C600822F4D /* Base */,
				D687CA23257BD53800822F4D /* es */,
			);
			name = Main.storyboard;
			sourceTree = "<group>";
		};
		D687CA19257BD1C600822F4D /* LaunchScreen.storyboard */ = {
			isa = PBXVariantGroup;
			children = (
				D687CA1A257BD1C600822F4D /* Base */,
			);
			name = LaunchScreen.storyboard;
			sourceTree = "<group>";
		};
		D687CA2A257BD5A600822F4D /* Localizable.strings */ = {
			isa = PBXVariantGroup;
			children = (
				D687CA29257BD5A600822F4D /* en */,
				D687CA2B257BD5B300822F4D /* es */,
			);
			name = Localizable.strings;
			sourceTree = "<group>";
		};
/* End PBXVariantGroup section */

/* Begin XCBuildConfiguration section */
		D687CA1D257BD1C600822F4D /* Debug */ = {
			isa = XCBuildConfiguration;
			buildSettings = {
				ALWAYS_SEARCH_USER_PATHS = NO;
				CLANG_ANALYZER_LOCALIZABILITY_NONLOCALIZED = YES;
				CLANG_ANALYZER_NONNULL = YES;
				CLANG_ANALYZER_NUMBER_OBJECT_CONVERSION = YES_AGGRESSIVE;
				CLANG_CXX_LANGUAGE_STANDARD = "gnu++14";
				CLANG_CXX_LIBRARY = "libc++";
				CLANG_ENABLE_MODULES = YES;
				CLANG_ENABLE_OBJC_ARC = YES;
				CLANG_ENABLE_OBJC_WEAK = YES;
				CLANG_WARN_BLOCK_CAPTURE_AUTORELEASING = YES;
				CLANG_WARN_BOOL_CONVERSION = YES;
				CLANG_WARN_COMMA = YES;
				CLANG_WARN_CONSTANT_CONVERSION = YES;
				CLANG_WARN_DEPRECATED_OBJC_IMPLEMENTATIONS = YES;
				CLANG_WARN_DIRECT_OBJC_ISA_USAGE = YES_ERROR;
				CLANG_WARN_DOCUMENTATION_COMMENTS = YES;
				CLANG_WARN_EMPTY_BODY = YES;
				CLANG_WARN_ENUM_CONVERSION = YES;
				CLANG_WARN_INFINITE_RECURSION = YES;
				CLANG_WARN_INT_CONVERSION = YES;
				CLANG_WARN_NON_LITERAL_NULL_CONVERSION = YES;
				CLANG_WARN_OBJC_IMPLICIT_RETAIN_SELF = YES;
				CLANG_WARN_OBJC_LITERAL_CONVERSION = YES;
				CLANG_WARN_OBJC_ROOT_CLASS = YES_ERROR;
				CLANG_WARN_QUOTED_INCLUDE_IN_FRAMEWORK_HEADER = YES;
				CLANG_WARN_RANGE_LOOP_ANALYSIS = YES;
				CLANG_WARN_STRICT_PROTOTYPES = YES;
				CLANG_WARN_SUSPICIOUS_MOVE = YES;
				CLANG_WARN_UNGUARDED_AVAILABILITY = YES_AGGRESSIVE;
				CLANG_WARN_UNREACHABLE_CODE = YES;
				CLANG_WARN__DUPLICATE_METHOD_MATCH = YES;
				COPY_PHASE_STRIP = NO;
				DEBUG_INFORMATION_FORMAT = dwarf;
				ENABLE_STRICT_OBJC_MSGSEND = YES;
				ENABLE_TESTABILITY = YES;
				GCC_C_LANGUAGE_STANDARD = gnu11;
				GCC_DYNAMIC_NO_PIC = NO;
				GCC_NO_COMMON_BLOCKS = YES;
				GCC_OPTIMIZATION_LEVEL = 0;
				GCC_PREPROCESSOR_DEFINITIONS = (
					"DEBUG=1",
					"$(inherited)",
				);
				GCC_WARN_64_TO_32_BIT_CONVERSION = YES;
				GCC_WARN_ABOUT_RETURN_TYPE = YES_ERROR;
				GCC_WARN_UNDECLARED_SELECTOR = YES;
				GCC_WARN_UNINITIALIZED_AUTOS = YES_AGGRESSIVE;
				GCC_WARN_UNUSED_FUNCTION = YES;
				GCC_WARN_UNUSED_VARIABLE = YES;
				IPHONEOS_DEPLOYMENT_TARGET = 14.2;
				MTL_ENABLE_DEBUG_INFO = INCLUDE_SOURCE;
				MTL_FAST_MATH = YES;
				ONLY_ACTIVE_ARCH = YES;
				SDKROOT = iphoneos;
				SWIFT_ACTIVE_COMPILATION_CONDITIONS = DEBUG;
				SWIFT_OPTIMIZATION_LEVEL = "-Onone";
			};
			name = Debug;
		};
		D687CA1E257BD1C600822F4D /* Release */ = {
			isa = XCBuildConfiguration;
			buildSettings = {
				ALWAYS_SEARCH_USER_PATHS = NO;
				CLANG_ANALYZER_LOCALIZABILITY_NONLOCALIZED = YES;
				CLANG_ANALYZER_NONNULL = YES;
				CLANG_ANALYZER_NUMBER_OBJECT_CONVERSION = YES_AGGRESSIVE;
				CLANG_CXX_LANGUAGE_STANDARD = "gnu++14";
				CLANG_CXX_LIBRARY = "libc++";
				CLANG_ENABLE_MODULES = YES;
				CLANG_ENABLE_OBJC_ARC = YES;
				CLANG_ENABLE_OBJC_WEAK = YES;
				CLANG_WARN_BLOCK_CAPTURE_AUTORELEASING = YES;
				CLANG_WARN_BOOL_CONVERSION = YES;
				CLANG_WARN_COMMA = YES;
				CLANG_WARN_CONSTANT_CONVERSION = YES;
				CLANG_WARN_DEPRECATED_OBJC_IMPLEMENTATIONS = YES;
				CLANG_WARN_DIRECT_OBJC_ISA_USAGE = YES_ERROR;
				CLANG_WARN_DOCUMENTATION_COMMENTS = YES;
				CLANG_WARN_EMPTY_BODY = YES;
				CLANG_WARN_ENUM_CONVERSION = YES;
				CLANG_WARN_INFINITE_RECURSION = YES;
				CLANG_WARN_INT_CONVERSION = YES;
				CLANG_WARN_NON_LITERAL_NULL_CONVERSION = YES;
				CLANG_WARN_OBJC_IMPLICIT_RETAIN_SELF = YES;
				CLANG_WARN_OBJC_LITERAL_CONVERSION = YES;
				CLANG_WARN_OBJC_ROOT_CLASS = YES_ERROR;
				CLANG_WARN_QUOTED_INCLUDE_IN_FRAMEWORK_HEADER = YES;
				CLANG_WARN_RANGE_LOOP_ANALYSIS = YES;
				CLANG_WARN_STRICT_PROTOTYPES = YES;
				CLANG_WARN_SUSPICIOUS_MOVE = YES;
				CLANG_WARN_UNGUARDED_AVAILABILITY = YES_AGGRESSIVE;
				CLANG_WARN_UNREACHABLE_CODE = YES;
				CLANG_WARN__DUPLICATE_METHOD_MATCH = YES;
				COPY_PHASE_STRIP = NO;
				DEBUG_INFORMATION_FORMAT = "dwarf-with-dsym";
				ENABLE_NS_ASSERTIONS = NO;
				ENABLE_STRICT_OBJC_MSGSEND = YES;
				GCC_C_LANGUAGE_STANDARD = gnu11;
				GCC_NO_COMMON_BLOCKS = YES;
				GCC_WARN_64_TO_32_BIT_CONVERSION = YES;
				GCC_WARN_ABOUT_RETURN_TYPE = YES_ERROR;
				GCC_WARN_UNDECLARED_SELECTOR = YES;
				GCC_WARN_UNINITIALIZED_AUTOS = YES_AGGRESSIVE;
				GCC_WARN_UNUSED_FUNCTION = YES;
				GCC_WARN_UNUSED_VARIABLE = YES;
				IPHONEOS_DEPLOYMENT_TARGET = 14.2;
				MTL_ENABLE_DEBUG_INFO = NO;
				MTL_FAST_MATH = YES;
				SDKROOT = iphoneos;
				SWIFT_COMPILATION_MODE = wholemodule;
				SWIFT_OPTIMIZATION_LEVEL = "-O";
				VALIDATE_PRODUCT = YES;
			};
			name = Release;
		};
		D687CA20257BD1C600822F4D /* Debug */ = {
			isa = XCBuildConfiguration;
			buildSettings = {
				ASSETCATALOG_COMPILER_APPICON_NAME = AppIcon;
				ASSETCATALOG_COMPILER_GLOBAL_ACCENT_COLOR_NAME = AccentColor;
				CODE_SIGN_STYLE = Automatic;
				DEVELOPMENT_TEAM = ND38VD9UA2;
				INFOPLIST_FILE = MultipleLanguages/Info.plist;
				LD_RUNPATH_SEARCH_PATHS = (
					"$(inherited)",
					"@executable_path/Frameworks",
				);
				PRODUCT_BUNDLE_IDENTIFIER = com.ngodangtan.MultipleLanguages;
				PRODUCT_NAME = "$(TARGET_NAME)";
				SWIFT_VERSION = 5.0;
				TARGETED_DEVICE_FAMILY = "1,2";
			};
			name = Debug;
		};
		D687CA21257BD1C600822F4D /* Release */ = {
			isa = XCBuildConfiguration;
			buildSettings = {
				ASSETCATALOG_COMPILER_APPICON_NAME = AppIcon;
				ASSETCATALOG_COMPILER_GLOBAL_ACCENT_COLOR_NAME = AccentColor;
				CODE_SIGN_STYLE = Automatic;
				DEVELOPMENT_TEAM = ND38VD9UA2;
				INFOPLIST_FILE = MultipleLanguages/Info.plist;
				LD_RUNPATH_SEARCH_PATHS = (
					"$(inherited)",
					"@executable_path/Frameworks",
				);
				PRODUCT_BUNDLE_IDENTIFIER = com.ngodangtan.MultipleLanguages;
				PRODUCT_NAME = "$(TARGET_NAME)";
				SWIFT_VERSION = 5.0;
				TARGETED_DEVICE_FAMILY = "1,2";
			};
			name = Release;
		};
/* End XCBuildConfiguration section */

/* Begin XCConfigurationList section */
		D687CA06257BD1C600822F4D /* Build configuration list for PBXProject "MultipleLanguages" */ = {
			isa = XCConfigurationList;
			buildConfigurations = (
				D687CA1D257BD1C600822F4D /* Debug */,
				D687CA1E257BD1C600822F4D /* Release */,
			);
			defaultConfigurationIsVisible = 0;
			defaultConfigurationName = Release;
		};
		D687CA1F257BD1C600822F4D /* Build configuration list for PBXNativeTarget "MultipleLanguages" */ = {
			isa = XCConfigurationList;
			buildConfigurations = (
				D687CA20257BD1C600822F4D /* Debug */,
				D687CA21257BD1C600822F4D /* Release */,
			);
			defaultConfigurationIsVisible = 0;
			defaultConfigurationName = Release;
		};
/* End XCConfigurationList section */
	};
	rootObject = D687CA03257BD1C600822F4D /* Project object */;
}
